
Microsoft Visual Studio Solution File, Format Version 12.00
# Visual Studio Version 17
VisualStudioVersion = 17.4.33122.133
MinimumVisualStudioVersion = 10.0.40219.1
Project("{FAE04EC0-301F-11D3-BF4B-00C04F79EFBC}") = "RomanTranslator", "RomanTranslator\RomanTranslator.csproj", "{21AF4A3F-D31A-4A39-A551-DF7015F1070D}"
EndProject
Global
	GlobalSection(SolutionConfigurationPlatforms) = preSolution
		Debug|Any CPU = Debug|Any CPU
		Release|Any CPU = Release|Any CPU
	EndGlobalSection
	GlobalSection(ProjectConfigurationPlatforms) = postSolution
		{21AF4A3F-D31A-4A39-A551-DF7015F1070D}.Debug|Any CPU.ActiveCfg = Debug|Any CPU
		{21AF4A3F-D31A-4A39-A551-DF7015F1070D}.Debug|Any CPU.Build.0 = Debug|Any CPU
		{21AF4A3F-D31A-4A39-A551-DF7015F1070D}.Release|Any CPU.ActiveCfg = Release|Any CPU
		{21AF4A3F-D31A-4A39-A551-DF7015F1070D}.Release|Any CPU.Build.0 = Release|Any CPU
	EndGlobalSection
	GlobalSection(SolutionProperties) = preSolution
		HideSolutionNode = FALSE
	EndGlobalSection
	GlobalSection(ExtensibilityGlobals) = postSolution
		SolutionGuid = {88C6F697-687F-4CC0-BEBC-9E9B15FC7EA0}
	EndGlobalSection
EndGlobal
